
Microsoft Visual Studio Solution File, Format Version 12.00
Project("{FAE04EC0-301F-11D3-BF4B-00C04F79EFBC}") = "Retro.SimplePage", "src\Retro.SimplePage\Retro.SimplePage.csproj", "{79088BCC-B85B-4C23-B492-7172DEC06FC9}"
EndProject
Project("{FAE04EC0-301F-11D3-BF4B-00C04F79EFBC}") = "Retro.SimplePage.EntityFrameworkCore", "src\Retro.SimplePage.EntityFrameworkCore\Retro.SimplePage.EntityFrameworkCore.csproj", "{CA0DED7B-5A1E-4A5E-9864-82A5D72FF76B}"
EndProject
Project("{2150E333-8FDC-42A3-9474-1A3956D46DE8}") = "src", "src", "{5DF32AEF-7C20-4B5F-88B9-EB7AB333E916}"
EndProject
Project("{2150E333-8FDC-42A3-9474-1A3956D46DE8}") = "test", "test", "{B71673DB-E0C7-47F0-8800-DC7347785781}"
EndProject
Project("{FAE04EC0-301F-11D3-BF4B-00C04F79EFBC}") = "Retro.SimplePage.Tests", "test\Retro.SimplePage.Tests\Retro.SimplePage.Tests.csproj", "{2D79A6AE-0AAA-4B62-B121-7FC68BF33ADA}"
EndProject
Project("{FAE04EC0-301F-11D3-BF4B-00C04F79EFBC}") = "Retro.SimplePage.Analyzer", "src\Retro.SimplePage.Analyzer\Retro.SimplePage.Analyzer.csproj", "{3ECEEFBD-DB09-4C64-B631-866EF51A3AE0}"
EndProject
Project("{FAE04EC0-301F-11D3-BF4B-00C04F79EFBC}") = "Retro.SimplePage.Analyzer.Tests", "test\Retro.SimplePage.Analyzer.Tests\Retro.SimplePage.Analyzer.Tests.csproj", "{87B4A788-8F80-4EC2-9C0F-F7ABB11170BC}"
EndProject
Project("{FAE04EC0-301F-11D3-BF4B-00C04F79EFBC}") = "Retro.SimplePage.Requests", "src\Retro.SimplePage.Requests\Retro.SimplePage.Requests.csproj", "{2054B51A-9B4A-4F87-8A94-A178A917449E}"
EndProject
Project("{FAE04EC0-301F-11D3-BF4B-00C04F79EFBC}") = "Retro.SimplePage.Sample", "examples\Retro.SimplePage.Sample\Retro.SimplePage.Sample.csproj", "{3BBAF634-B833-404F-B81D-B82E09741AF0}"
EndProject
Project("{2150E333-8FDC-42A3-9474-1A3956D46DE8}") = "examples", "examples", "{F00FBE24-9BE3-4BB1-8279-DC54F8F35254}"
	ProjectSection(SolutionItems) = preProject
		examples\openapi-spec.json = examples\openapi-spec.json
	EndProjectSection
EndProject
Project("{FAE04EC0-301F-11D3-BF4B-00C04F79EFBC}") = "Retro.SimplePage.Swashbuckle", "src\Retro.SimplePage.Swashbuckle\Retro.SimplePage.Swashbuckle.csproj", "{F9910DD1-2B01-450B-88C7-5E1CC2EA9AA4}"
EndProject
Global
	GlobalSection(SolutionConfigurationPlatforms) = preSolution
		Debug|Any CPU = Debug|Any CPU
		Release|Any CPU = Release|Any CPU
	EndGlobalSection
	GlobalSection(ProjectConfigurationPlatforms) = postSolution
		{79088BCC-B85B-4C23-B492-7172DEC06FC9}.Debug|Any CPU.ActiveCfg = Debug|Any CPU
		{79088BCC-B85B-4C23-B492-7172DEC06FC9}.Debug|Any CPU.Build.0 = Debug|Any CPU
		{79088BCC-B85B-4C23-B492-7172DEC06FC9}.Release|Any CPU.ActiveCfg = Release|Any CPU
		{79088BCC-B85B-4C23-B492-7172DEC06FC9}.Release|Any CPU.Build.0 = Release|Any CPU
		{CA0DED7B-5A1E-4A5E-9864-82A5D72FF76B}.Debug|Any CPU.ActiveCfg = Debug|Any CPU
		{CA0DED7B-5A1E-4A5E-9864-82A5D72FF76B}.Debug|Any CPU.Build.0 = Debug|Any CPU
		{CA0DED7B-5A1E-4A5E-9864-82A5D72FF76B}.Release|Any CPU.ActiveCfg = Release|Any CPU
		{CA0DED7B-5A1E-4A5E-9864-82A5D72FF76B}.Release|Any CPU.Build.0 = Release|Any CPU
		{2D79A6AE-0AAA-4B62-B121-7FC68BF33ADA}.Debug|Any CPU.ActiveCfg = Debug|Any CPU
		{2D79A6AE-0AAA-4B62-B121-7FC68BF33ADA}.Debug|Any CPU.Build.0 = Debug|Any CPU
		{2D79A6AE-0AAA-4B62-B121-7FC68BF33ADA}.Release|Any CPU.ActiveCfg = Release|Any CPU
		{2D79A6AE-0AAA-4B62-B121-7FC68BF33ADA}.Release|Any CPU.Build.0 = Release|Any CPU
		{3ECEEFBD-DB09-4C64-B631-866EF51A3AE0}.Debug|Any CPU.ActiveCfg = Debug|Any CPU
		{3ECEEFBD-DB09-4C64-B631-866EF51A3AE0}.Debug|Any CPU.Build.0 = Debug|Any CPU
		{3ECEEFBD-DB09-4C64-B631-866EF51A3AE0}.Release|Any CPU.ActiveCfg = Release|Any CPU
		{3ECEEFBD-DB09-4C64-B631-866EF51A3AE0}.Release|Any CPU.Build.0 = Release|Any CPU
		{87B4A788-8F80-4EC2-9C0F-F7ABB11170BC}.Debug|Any CPU.ActiveCfg = Debug|Any CPU
		{87B4A788-8F80-4EC2-9C0F-F7ABB11170BC}.Debug|Any CPU.Build.0 = Debug|Any CPU
		{87B4A788-8F80-4EC2-9C0F-F7ABB11170BC}.Release|Any CPU.ActiveCfg = Release|Any CPU
		{87B4A788-8F80-4EC2-9C0F-F7ABB11170BC}.Release|Any CPU.Build.0 = Release|Any CPU
		{2054B51A-9B4A-4F87-8A94-A178A917449E}.Debug|Any CPU.ActiveCfg = Debug|Any CPU
		{2054B51A-9B4A-4F87-8A94-A178A917449E}.Debug|Any CPU.Build.0 = Debug|Any CPU
		{2054B51A-9B4A-4F87-8A94-A178A917449E}.Release|Any CPU.ActiveCfg = Release|Any CPU
		{2054B51A-9B4A-4F87-8A94-A178A917449E}.Release|Any CPU.Build.0 = Release|Any CPU
		{3BBAF634-B833-404F-B81D-B82E09741AF0}.Debug|Any CPU.ActiveCfg = Debug|Any CPU
		{3BBAF634-B833-404F-B81D-B82E09741AF0}.Debug|Any CPU.Build.0 = Debug|Any CPU
		{3BBAF634-B833-404F-B81D-B82E09741AF0}.Release|Any CPU.ActiveCfg = Release|Any CPU
		{3BBAF634-B833-404F-B81D-B82E09741AF0}.Release|Any CPU.Build.0 = Release|Any CPU
		{F9910DD1-2B01-450B-88C7-5E1CC2EA9AA4}.Debug|Any CPU.ActiveCfg = Debug|Any CPU
		{F9910DD1-2B01-450B-88C7-5E1CC2EA9AA4}.Debug|Any CPU.Build.0 = Debug|Any CPU
		{F9910DD1-2B01-450B-88C7-5E1CC2EA9AA4}.Release|Any CPU.ActiveCfg = Release|Any CPU
		{F9910DD1-2B01-450B-88C7-5E1CC2EA9AA4}.Release|Any CPU.Build.0 = Release|Any CPU
	EndGlobalSection
	GlobalSection(NestedProjects) = preSolution
		{79088BCC-B85B-4C23-B492-7172DEC06FC9} = {5DF32AEF-7C20-4B5F-88B9-EB7AB333E916}
		{CA0DED7B-5A1E-4A5E-9864-82A5D72FF76B} = {5DF32AEF-7C20-4B5F-88B9-EB7AB333E916}
		{2D79A6AE-0AAA-4B62-B121-7FC68BF33ADA} = {B71673DB-E0C7-47F0-8800-DC7347785781}
		{3ECEEFBD-DB09-4C64-B631-866EF51A3AE0} = {5DF32AEF-7C20-4B5F-88B9-EB7AB333E916}
		{87B4A788-8F80-4EC2-9C0F-F7ABB11170BC} = {B71673DB-E0C7-47F0-8800-DC7347785781}
		{2054B51A-9B4A-4F87-8A94-A178A917449E} = {5DF32AEF-7C20-4B5F-88B9-EB7AB333E916}
		{3BBAF634-B833-404F-B81D-B82E09741AF0} = {F00FBE24-9BE3-4BB1-8279-DC54F8F35254}
		{F9910DD1-2B01-450B-88C7-5E1CC2EA9AA4} = {5DF32AEF-7C20-4B5F-88B9-EB7AB333E916}
	EndGlobalSection
EndGlobal
